
Microsoft Visual Studio Solution File, Format Version 12.00
# Visual Studio Version 17
VisualStudioVersion = 17.10.35122.118
MinimumVisualStudioVersion = 10.0.40219.1
Project("{FAE04EC0-301F-11D3-BF4B-00C04F79EFBC}") = "Airdrop", "Airdrop.csproj", "{3802061C-5B41-41AA-AF29-DAB571FF0DB2}"
EndProject
Global
	GlobalSection(SolutionConfigurationPlatforms) = preSolution
		Debug|Any CPU = Debug|Any CPU
		Release|Any CPU = Release|Any CPU
	EndGlobalSection
	GlobalSection(ProjectConfigurationPlatforms) = postSolution
		{3802061C-5B41-41AA-AF29-DAB571FF0DB2}.Debug|Any CPU.ActiveCfg = Debug|Any CPU
		{3802061C-5B41-41AA-AF29-DAB571FF0DB2}.Debug|Any CPU.Build.0 = Debug|Any CPU
		{3802061C-5B41-41AA-AF29-DAB571FF0DB2}.Release|Any CPU.ActiveCfg = Release|Any CPU
		{3802061C-5B41-41AA-AF29-DAB571FF0DB2}.Release|Any CPU.Build.0 = Release|Any CPU
	EndGlobalSection
	GlobalSection(SolutionProperties) = preSolution
		HideSolutionNode = FALSE
	EndGlobalSection
	GlobalSection(ExtensibilityGlobals) = postSolution
		SolutionGuid = {BE9E5EDE-4AF9-4000-A409-88FA3F9F519A}
	EndGlobalSection
EndGlobal
